{
  "name": "incrementa-e2e-sim",
  "version": "0.0.0",
  "lockfileVersion": 3,
  "requires": true,
  "packages": {
    "": {
      "name": "incrementa-e2e-sim",
      "version": "0.0.0",
      "dependencies": {
        "incrementa": "file:../.."
      }
    },
    "../..": {
      "version": "0.1.0",
      "license": "MIT",
      "devDependencies": {
        "@types/jest": "^30.0.0",
        "@typescript-eslint/eslint-plugin": "^8.60.1",
        "@typescript-eslint/parser": "^8.60.1",
        "eslint": "^10.4.1",
        "jest": "^30.4.2",
        "jest-environment-node": "^30.4.1",
        "ts-jest": "^29.4.11",
        "typescript": "^6.0.3",
        "vite": "^8.0.16"
      },
      "engines": {
        "node": ">=22"
      }
    },
    "node_modules/incrementa": {
      "resolved": "../..",
      "link": true
    }
  }
}
